
Microsoft Visual Studio Solution File, Format Version 12.00
# Visual Studio Version 17
VisualStudioVersion = 17.0.32014.148
MinimumVisualStudioVersion = 10.0.40219.1
Project("{9A19103F-16F7-4668-BE54-9A1E7A4F7556}") = "MOM.Api", "MOM.Api\MOM.Api.csproj", "{DA85045C-A892-4122-8FD6-61665486D44C}"
EndProject
Project("{9A19103F-16F7-4668-BE54-9A1E7A4F7556}") = "MOM.Domain", "..\MOM.Domain\MOM.Domain.csproj", "{B7EF8801-8518-45AE-9769-F5244623ABA8}"
EndProject
Project("{9A19103F-16F7-4668-BE54-9A1E7A4F7556}") = "MOM.Business", "..\MOM.Business\MOM.Business.csproj", "{907659E6-91EA-4D0A-8C6A-A43A9145276D}"
EndProject
Project("{9A19103F-16F7-4668-BE54-9A1E7A4F7556}") = "MOM.Repository", "..\MOM.Repository\MOM.Repository.csproj", "{0C8F6400-1A91-4C7B-A8CA-F03919481FBB}"
EndProject
Project("{FAE04EC0-301F-11D3-BF4B-00C04F79EFBC}") = "MOM.BasicAuthentication", "..\MOM.BasicAuthentication\MOM.BasicAuthentication.csproj", "{95BEB9E9-A594-44F9-8C2C-73749C5A8346}"
EndProject
Global
	GlobalSection(SolutionConfigurationPlatforms) = preSolution
		Debug|Any CPU = Debug|Any CPU
		Release|Any CPU = Release|Any CPU
	EndGlobalSection
	GlobalSection(ProjectConfigurationPlatforms) = postSolution
		{DA85045C-A892-4122-8FD6-61665486D44C}.Debug|Any CPU.ActiveCfg = Debug|Any CPU
		{DA85045C-A892-4122-8FD6-61665486D44C}.Debug|Any CPU.Build.0 = Debug|Any CPU
		{DA85045C-A892-4122-8FD6-61665486D44C}.Release|Any CPU.ActiveCfg = Release|Any CPU
		{DA85045C-A892-4122-8FD6-61665486D44C}.Release|Any CPU.Build.0 = Release|Any CPU
		{B7EF8801-8518-45AE-9769-F5244623ABA8}.Debug|Any CPU.ActiveCfg = Debug|Any CPU
		{B7EF8801-8518-45AE-9769-F5244623ABA8}.Debug|Any CPU.Build.0 = Debug|Any CPU
		{B7EF8801-8518-45AE-9769-F5244623ABA8}.Release|Any CPU.ActiveCfg = Release|Any CPU
		{B7EF8801-8518-45AE-9769-F5244623ABA8}.Release|Any CPU.Build.0 = Release|Any CPU
		{907659E6-91EA-4D0A-8C6A-A43A9145276D}.Debug|Any CPU.ActiveCfg = Debug|Any CPU
		{907659E6-91EA-4D0A-8C6A-A43A9145276D}.Debug|Any CPU.Build.0 = Debug|Any CPU
		{907659E6-91EA-4D0A-8C6A-A43A9145276D}.Release|Any CPU.ActiveCfg = Release|Any CPU
		{907659E6-91EA-4D0A-8C6A-A43A9145276D}.Release|Any CPU.Build.0 = Release|Any CPU
		{0C8F6400-1A91-4C7B-A8CA-F03919481FBB}.Debug|Any CPU.ActiveCfg = Debug|Any CPU
		{0C8F6400-1A91-4C7B-A8CA-F03919481FBB}.Debug|Any CPU.Build.0 = Debug|Any CPU
		{0C8F6400-1A91-4C7B-A8CA-F03919481FBB}.Release|Any CPU.ActiveCfg = Release|Any CPU
		{0C8F6400-1A91-4C7B-A8CA-F03919481FBB}.Release|Any CPU.Build.0 = Release|Any CPU
		{95BEB9E9-A594-44F9-8C2C-73749C5A8346}.Debug|Any CPU.ActiveCfg = Debug|Any CPU
		{95BEB9E9-A594-44F9-8C2C-73749C5A8346}.Debug|Any CPU.Build.0 = Debug|Any CPU
		{95BEB9E9-A594-44F9-8C2C-73749C5A8346}.Release|Any CPU.ActiveCfg = Release|Any CPU
		{95BEB9E9-A594-44F9-8C2C-73749C5A8346}.Release|Any CPU.Build.0 = Release|Any CPU
	EndGlobalSection
	GlobalSection(SolutionProperties) = preSolution
		HideSolutionNode = FALSE
	EndGlobalSection
	GlobalSection(ExtensibilityGlobals) = postSolution
		SolutionGuid = {A683C008-9A16-4F36-8036-9D79FD42044A}
	EndGlobalSection
EndGlobal
